
Microsoft Visual Studio Solution File, Format Version 12.00
# Visual Studio Version 17
VisualStudioVersion = 17.7.34024.191
MinimumVisualStudioVersion = 10.0.40219.1
Project("{FAE04EC0-301F-11D3-BF4B-00C04F79EFBC}") = "csharp-cibi-preferiti", "csharp-cibi-preferiti\csharp-cibi-preferiti.csproj", "{0A4286F6-53AB-462F-8CC6-05F9D108993D}"
EndProject
Global
	GlobalSection(SolutionConfigurationPlatforms) = preSolution
		Debug|Any CPU = Debug|Any CPU
		Release|Any CPU = Release|Any CPU
	EndGlobalSection
	GlobalSection(ProjectConfigurationPlatforms) = postSolution
		{0A4286F6-53AB-462F-8CC6-05F9D108993D}.Debug|Any CPU.ActiveCfg = Debug|Any CPU
		{0A4286F6-53AB-462F-8CC6-05F9D108993D}.Debug|Any CPU.Build.0 = Debug|Any CPU
		{0A4286F6-53AB-462F-8CC6-05F9D108993D}.Release|Any CPU.ActiveCfg = Release|Any CPU
		{0A4286F6-53AB-462F-8CC6-05F9D108993D}.Release|Any CPU.Build.0 = Release|Any CPU
	EndGlobalSection
	GlobalSection(SolutionProperties) = preSolution
		HideSolutionNode = FALSE
	EndGlobalSection
	GlobalSection(ExtensibilityGlobals) = postSolution
		SolutionGuid = {810CF340-F12F-4742-9DEB-E830E1689E78}
	EndGlobalSection
EndGlobal
